PODS:
  - FontAwesome.swift (1.2.0)
  - Kanna (2.2.1)

DEPENDENCIES:
  - FontAwesome.swift (from `https://github.com/thii/FontAwesome.swift`, branch `swift-4.0`)
  - Kanna (from `https://github.com/tid-kijyun/Kanna`, branch `feature/v4.0.0`)

EXTERNAL SOURCES:
  FontAwesome.swift:
    :branch: swift-4.0
    :git: https://github.com/thii/FontAwesome.swift
  Kanna:
    :branch: feature/v4.0.0
    :git: https://github.com/tid-kijyun/Kanna

CHECKOUT OPTIONS:
  FontAwesome.swift:
    :commit: ee1bf6b3db08f969ec7508c0feca3bac0d8b96ff
    :git: https://github.com/thii/FontAwesome.swift
  Kanna:
    :commit: 86f7f25e6eeeb21288e4477dbbf91ec894a5dad3
    :git: https://github.com/tid-kijyun/Kanna

SPEC CHECKSUMS:
  FontAwesome.swift: 609815397a9b51cb4d774969787163c7d1306739
  Kanna: 9d03f5e7aba03906fbb764eef5a83dbfb5c98fb5

PODFILE CHECKSUM: 4d69dd7338037491cafc67c31de436d67ccc5123

COCOAPODS: 1.3.1
