{
  "object": {
    "pins": [
      {
        "package": "FontAwesome",
        "repositoryURL": "https://github.com/thii/FontAwesome.swift",
        "state": {
          "branch": null,
          "revision": "51f059d794d1435a02c0ec6212a930243e1e40e0",
          "version": "1.8.2"
        }
      }
    ]
  },
  "version": 1
}
