{
  "object": {
    "pins": [
      {
        "package": "Alamofire",
        "repositoryURL": "https://github.com/Alamofire/Alamofire.git",
        "state": {
          "branch": null,
          "revision": "747c8db8d57b68d5e35275f10c92d55f982adbd4",
          "version": "4.9.1"
        }
      },
      {
        "package": "AlamofireImage",
        "repositoryURL": "https://github.com/Alamofire/AlamofireImage",
        "state": {
          "branch": null,
          "revision": "c31e617c582102d4b51c714211071f2260e24fdd",
          "version": "3.6.0"
        }
      },
      {
        "package": "FontAwesome",
        "repositoryURL": "https://github.com/thii/FontAwesome.swift",
        "state": {
          "branch": null,
          "revision": "36c0e7737e6735d4df37d1453af6571b4b1e8c92",
          "version": "1.8.3"
        }
      },
      {
        "package": "ProgressIndicatorView",
        "repositoryURL": "https://github.com/georgealegre/ProgressIndicatorView",
        "state": {
          "branch": null,
          "revision": "5e041ce5e12de604b811098899dfb3165e6e5036",
          "version": "1.0.0"
        }
      },
      {
        "package": "TinyConstraints",
        "repositoryURL": "https://github.com/roberthein/TinyConstraints",
        "state": {
          "branch": null,
          "revision": "f413ea53b886de81b925eeb37a14538fe6ae4912",
          "version": "4.0.1"
        }
      }
    ]
  },
  "version": 1
}
